// !$*UTF8*$!
{
	archiveVersion = 1;
	classes = {
	};
	objectVersion = 50;
	objects = {

/* Begin PBXBuildFile section */
		0743D78F1973604DB134C56B /* Pods_RxSwift_MVVM.framework in Frameworks */ = {isa = PBXBuildFile; fileRef = 95E91070F43E57B22DA76FE7 /* Pods_RxSwift_MVVM.framework */; };
		E1952CFD2212B2F200735D4B /* AppDelegate.swift in Sources */ = {isa = PBXBuildFile; fileRef = E1952CFC2212B2F200735D4B /* AppDelegate.swift */; };
		E1952D022212B2F200735D4B /* Home.storyboard in Resources */ = {isa = PBXBuildFile; fileRef = E1952D002212B2F200735D4B /* Home.storyboard */; };
		E1952D042212B30300735D4B /* Assets.xcassets in Resources */ = {isa = PBXBuildFile; fileRef = E1952D032212B30300735D4B /* Assets.xcassets */; };
		E1952D072212B30300735D4B /* LaunchScreen.storyboard in Resources */ = {isa = PBXBuildFile; fileRef = E1952D052212B30300735D4B /* LaunchScreen.storyboard */; };
		E1952D142212B42300735D4B /* HomeVC.swift in Sources */ = {isa = PBXBuildFile; fileRef = E1952D132212B42300735D4B /* HomeVC.swift */; };
		E1952D192212B9EF00735D4B /* Album.swift in Sources */ = {isa = PBXBuildFile; fileRef = E1952D182212B9EF00735D4B /* Album.swift */; };
		E1952D1B2212BAE100735D4B /* Track.swift in Sources */ = {isa = PBXBuildFile; fileRef = E1952D1A2212BAE100735D4B /* Track.swift */; };
		E1952D1D2212BBF700735D4B /* Extensiones.swift in Sources */ = {isa = PBXBuildFile; fileRef = E1952D1C2212BBF700735D4B /* Extensiones.swift */; };
		E1952D1F2212BC0600735D4B /* Network.swift in Sources */ = {isa = PBXBuildFile; fileRef = E1952D1E2212BC0600735D4B /* Network.swift */; };
		E1952D212212BC1800735D4B /* ReactiveExtensiones.swift in Sources */ = {isa = PBXBuildFile; fileRef = E1952D202212BC1800735D4B /* ReactiveExtensiones.swift */; };
		E1952D282212C52200735D4B /* TracksTableViewCell.swift in Sources */ = {isa = PBXBuildFile; fileRef = E1952D262212C52200735D4B /* TracksTableViewCell.swift */; };
		E1952D292212C52200735D4B /* TracksTableViewCell.xib in Resources */ = {isa = PBXBuildFile; fileRef = E1952D272212C52200735D4B /* TracksTableViewCell.xib */; };
		E1952D2C2212C53900735D4B /* AlbumsCollectionViewCell.swift in Sources */ = {isa = PBXBuildFile; fileRef = E1952D2A2212C53900735D4B /* AlbumsCollectionViewCell.swift */; };
		E1952D2D2212C53900735D4B /* AlbumsCollectionViewCell.xib in Resources */ = {isa = PBXBuildFile; fileRef = E1952D2B2212C53900735D4B /* AlbumsCollectionViewCell.xib */; };
		E1952D302212C58A00735D4B /* LoadingView.swift in Sources */ = {isa = PBXBuildFile; fileRef = E1952D2E2212C58A00735D4B /* LoadingView.swift */; };
		E1952D312212C58A00735D4B /* LoadingView.xib in Resources */ = {isa = PBXBuildFile; fileRef = E1952D2F2212C58A00735D4B /* LoadingView.xib */; };
		E1952D342212C5A000735D4B /* MessageView.swift in Sources */ = {isa = PBXBuildFile; fileRef = E1952D322212C5A000735D4B /* MessageView.swift */; };
		E1952D352212C5A000735D4B /* MessageView.xib in Resources */ = {isa = PBXBuildFile; fileRef = E1952D332212C5A000735D4B /* MessageView.xib */; };
		E1952D372212C5CD00735D4B /* AnimateLoadingView.swift in Sources */ = {isa = PBXBuildFile; fileRef = E1952D362212C5CD00735D4B /* AnimateLoadingView.swift */; };
		E1952D392212C5E600735D4B /* LoadingViewable.swift in Sources */ = {isa = PBXBuildFile; fileRef = E1952D382212C5E600735D4B /* LoadingViewable.swift */; };
		E1952D3B2212DA6200735D4B /* HomeViewModel.swift in Sources */ = {isa = PBXBuildFile; fileRef = E1952D3A2212DA6200735D4B /* HomeViewModel.swift */; };
/* End PBXBuildFile section */

/* Begin PBXFileReference section */
		0BCE69019727688B63F56001 /* Pods-RxSwift+MVVM.debug.xcconfig */ = {isa = PBXFileReference; includeInIndex = 1; lastKnownFileType = text.xcconfig; name = "Pods-RxSwift+MVVM.debug.xcconfig"; path = "Pods/Target Support Files/Pods-RxSwift+MVVM/Pods-RxSwift+MVVM.debug.xcconfig"; sourceTree = "<group>"; };
		95E91070F43E57B22DA76FE7 /* Pods_RxSwift_MVVM.framework */ = {isa = PBXFileReference; explicitFileType = wrapper.framework; includeInIndex = 0; path = Pods_RxSwift_MVVM.framework; sourceTree = BUILT_PRODUCTS_DIR; };
		CEBB9964795500ABB1F5CC81 /* Pods-RxSwift+MVVM.release.xcconfig */ = {isa = PBXFileReference; includeInIndex = 1; lastKnownFileType = text.xcconfig; name = "Pods-RxSwift+MVVM.release.xcconfig"; path = "Pods/Target Support Files/Pods-RxSwift+MVVM/Pods-RxSwift+MVVM.release.xcconfig"; sourceTree = "<group>"; };
		E1952CF92212B2F200735D4B /* RxSwift+MVVM.app */ = {isa = PBXFileReference; explicitFileType = wrapper.application; includeInIndex = 0; path = "RxSwift+MVVM.app"; sourceTree = BUILT_PRODUCTS_DIR; };
		E1952CFC2212B2F200735D4B /* AppDelegate.swift */ = {isa = PBXFileReference; lastKnownFileType = sourcecode.swift; path = AppDelegate.swift; sourceTree = "<group>"; };
		E1952D012212B2F200735D4B /* Base */ = {isa = PBXFileReference; lastKnownFileType = file.storyboard; name = Base; path = Base.lproj/Home.storyboard; sourceTree = "<group>"; };
		E1952D032212B30300735D4B /* Assets.xcassets */ = {isa = PBXFileReference; lastKnownFileType = folder.assetcatalog; path = Assets.xcassets; sourceTree = "<group>"; };
		E1952D062212B30300735D4B /* Base */ = {isa = PBXFileReference; lastKnownFileType = file.storyboard; name = Base; path = Base.lproj/LaunchScreen.storyboard; sourceTree = "<group>"; };
		E1952D082212B30300735D4B /* Info.plist */ = {isa = PBXFileReference; lastKnownFileType = text.plist.xml; path = Info.plist; sourceTree = "<group>"; };
		E1952D132212B42300735D4B /* HomeVC.swift */ = {isa = PBXFileReference; lastKnownFileType = sourcecode.swift; path = HomeVC.swift; sourceTree = "<group>"; };
		E1952D182212B9EF00735D4B /* Album.swift */ = {isa = PBXFileReference; lastKnownFileType = sourcecode.swift; path = Album.swift; sourceTree = "<group>"; };
		E1952D1A2212BAE100735D4B /* Track.swift */ = {isa = PBXFileReference; lastKnownFileType = sourcecode.swift; path = Track.swift; sourceTree = "<group>"; };
		E1952D1C2212BBF700735D4B /* Extensiones.swift */ = {isa = PBXFileReference; lastKnownFileType = sourcecode.swift; path = Extensiones.swift; sourceTree = "<group>"; };
		E1952D1E2212BC0600735D4B /* Network.swift */ = {isa = PBXFileReference; lastKnownFileType = sourcecode.swift; path = Network.swift; sourceTree = "<group>"; };
		E1952D202212BC1800735D4B /* ReactiveExtensiones.swift */ = {isa = PBXFileReference; lastKnownFileType = sourcecode.swift; path = ReactiveExtensiones.swift; sourceTree = "<group>"; };
		E1952D262212C52200735D4B /* TracksTableViewCell.swift */ = {isa = PBXFileReference; lastKnownFileType = sourcecode.swift; path = TracksTableViewCell.swift; sourceTree = "<group>"; };
		E1952D272212C52200735D4B /* TracksTableViewCell.xib */ = {isa = PBXFileReference; lastKnownFileType = file.xib; path = TracksTableViewCell.xib; sourceTree = "<group>"; };
		E1952D2A2212C53900735D4B /* AlbumsCollectionViewCell.swift */ = {isa = PBXFileReference; lastKnownFileType = sourcecode.swift; path = AlbumsCollectionViewCell.swift; sourceTree = "<group>"; };
		E1952D2B2212C53900735D4B /* AlbumsCollectionViewCell.xib */ = {isa = PBXFileReference; lastKnownFileType = file.xib; path = AlbumsCollectionViewCell.xib; sourceTree = "<group>"; };
		E1952D2E2212C58A00735D4B /* LoadingView.swift */ = {isa = PBXFileReference; lastKnownFileType = sourcecode.swift; path = LoadingView.swift; sourceTree = "<group>"; };
		E1952D2F2212C58A00735D4B /* LoadingView.xib */ = {isa = PBXFileReference; lastKnownFileType = file.xib; path = LoadingView.xib; sourceTree = "<group>"; };
		E1952D322212C5A000735D4B /* MessageView.swift */ = {isa = PBXFileReference; lastKnownFileType = sourcecode.swift; path = MessageView.swift; sourceTree = "<group>"; };
		E1952D332212C5A000735D4B /* MessageView.xib */ = {isa = PBXFileReference; lastKnownFileType = file.xib; path = MessageView.xib; sourceTree = "<group>"; };
		E1952D362212C5CD00735D4B /* AnimateLoadingView.swift */ = {isa = PBXFileReference; lastKnownFileType = sourcecode.swift; path = AnimateLoadingView.swift; sourceTree = "<group>"; };
		E1952D382212C5E600735D4B /* LoadingViewable.swift */ = {isa = PBXFileReference; lastKnownFileType = sourcecode.swift; path = LoadingViewable.swift; sourceTree = "<group>"; };
		E1952D3A2212DA6200735D4B /* HomeViewModel.swift */ = {isa = PBXFileReference; lastKnownFileType = sourcecode.swift; path = HomeViewModel.swift; sourceTree = "<group>"; };
/* End PBXFileReference section */

/* Begin PBXFrameworksBuildPhase section */
		E1952CF62212B2F200735D4B /* Frameworks */ = {
			isa = PBXFrameworksBuildPhase;
			buildActionMask = 2147483647;
			files = (
				0743D78F1973604DB134C56B /* Pods_RxSwift_MVVM.framework in Frameworks */,
			);
			runOnlyForDeploymentPostprocessing = 0;
		};
/* End PBXFrameworksBuildPhase section */

/* Begin PBXGroup section */
		868B355E5CF412FB432AFF1D /* Frameworks */ = {
			isa = PBXGroup;
			children = (
				95E91070F43E57B22DA76FE7 /* Pods_RxSwift_MVVM.framework */,
			);
			name = Frameworks;
			sourceTree = "<group>";
		};
		B216455B4B1F08AC2FB545CE /* Pods */ = {
			isa = PBXGroup;
			children = (
				0BCE69019727688B63F56001 /* Pods-RxSwift+MVVM.debug.xcconfig */,
				CEBB9964795500ABB1F5CC81 /* Pods-RxSwift+MVVM.release.xcconfig */,
			);
			name = Pods;
			sourceTree = "<group>";
		};
		E1952CF02212B2F200735D4B = {
			isa = PBXGroup;
			children = (
				E1952CFB2212B2F200735D4B /* RxSwift+MVVM */,
				E1952CFA2212B2F200735D4B /* Products */,
				B216455B4B1F08AC2FB545CE /* Pods */,
				868B355E5CF412FB432AFF1D /* Frameworks */,
			);
			sourceTree = "<group>";
		};
		E1952CFA2212B2F200735D4B /* Products */ = {
			isa = PBXGroup;
			children = (
				E1952CF92212B2F200735D4B /* RxSwift+MVVM.app */,
			);
			name = Products;
			sourceTree = "<group>";
		};
		E1952CFB2212B2F200735D4B /* RxSwift+MVVM */ = {
			isa = PBXGroup;
			children = (
				E1952D112212B3BD00735D4B /* Home */,
				E1952D102212B3B700735D4B /* Helper */,
				E1952D0E2212B39700735D4B /* Resources */,
				E1952D0F2212B3A700735D4B /* SupportFiles */,
				E1952CFC2212B2F200735D4B /* AppDelegate.swift */,
			);
			path = "RxSwift+MVVM";
			sourceTree = "<group>";
		};
		E1952D0E2212B39700735D4B /* Resources */ = {
			isa = PBXGroup;
			children = (
				E1952D082212B30300735D4B /* Info.plist */,
				E1952D032212B30300735D4B /* Assets.xcassets */,
				E1952D052212B30300735D4B /* LaunchScreen.storyboard */,
			);
			path = Resources;
			sourceTree = "<group>";
		};
		E1952D0F2212B3A700735D4B /* SupportFiles */ = {
			isa = PBXGroup;
			children = (
				E1952D252212C4E400735D4B /* TrackTableViewCell */,
				E1952D242212C4E200735D4B /* AlbumCollectionViewCell */,
				E1952D232212C4E000735D4B /* LoadingView */,
				E1952D222212C4B400735D4B /* MessageView */,
			);
			path = SupportFiles;
			sourceTree = "<group>";
		};
		E1952D102212B3B700735D4B /* Helper */ = {
			isa = PBXGroup;
			children = (
				E1952D1E2212BC0600735D4B /* Network.swift */,
				E1952D1C2212BBF700735D4B /* Extensiones.swift */,
				E1952D202212BC1800735D4B /* ReactiveExtensiones.swift */,
			);
			path = Helper;
			sourceTree = "<group>";
		};
		E1952D112212B3BD00735D4B /* Home */ = {
			isa = PBXGroup;
			children = (
				E1952D122212B3DD00735D4B /* View */,
				E1952D162212B45D00735D4B /* Model */,
				E1952D152212B44600735D4B /* ViewModel */,
			);
			path = Home;
			sourceTree = "<group>";
		};
		E1952D122212B3DD00735D4B /* View */ = {
			isa = PBXGroup;
			children = (
				E1952D002212B2F200735D4B /* Home.storyboard */,
				E1952D132212B42300735D4B /* HomeVC.swift */,
			);
			path = View;
			sourceTree = "<group>";
		};
		E1952D152212B44600735D4B /* ViewModel */ = {
			isa = PBXGroup;
			children = (
				E1952D3A2212DA6200735D4B /* HomeViewModel.swift */,
			);
			name = ViewModel;
			path = "New Group";
			sourceTree = "<group>";
		};
		E1952D162212B45D00735D4B /* Model */ = {
			isa = PBXGroup;
			children = (
				E1952D182212B9EF00735D4B /* Album.swift */,
				E1952D1A2212BAE100735D4B /* Track.swift */,
			);
			path = Model;
			sourceTree = "<group>";
		};
		E1952D222212C4B400735D4B /* MessageView */ = {
			isa = PBXGroup;
			children = (
				E1952D322212C5A000735D4B /* MessageView.swift */,
				E1952D332212C5A000735D4B /* MessageView.xib */,
			);
			path = MessageView;
			sourceTree = "<group>";
		};
		E1952D232212C4E000735D4B /* LoadingView */ = {
			isa = PBXGroup;
			children = (
				E1952D2F2212C58A00735D4B /* LoadingView.xib */,
				E1952D2E2212C58A00735D4B /* LoadingView.swift */,
				E1952D362212C5CD00735D4B /* AnimateLoadingView.swift */,
				E1952D382212C5E600735D4B /* LoadingViewable.swift */,
			);
			path = LoadingView;
			sourceTree = "<group>";
		};
		E1952D242212C4E200735D4B /* AlbumCollectionViewCell */ = {
			isa = PBXGroup;
			children = (
				E1952D2A2212C53900735D4B /* AlbumsCollectionViewCell.swift */,
				E1952D2B2212C53900735D4B /* AlbumsCollectionViewCell.xib */,
			);
			path = AlbumCollectionViewCell;
			sourceTree = "<group>";
		};
		E1952D252212C4E400735D4B /* TrackTableViewCell */ = {
			isa = PBXGroup;
			children = (
				E1952D262212C52200735D4B /* TracksTableViewCell.swift */,
				E1952D272212C52200735D4B /* TracksTableViewCell.xib */,
			);
			path = TrackTableViewCell;
			sourceTree = "<group>";
		};
/* End PBXGroup section */

/* Begin PBXNativeTarget section */
		E1952CF82212B2F200735D4B /* RxSwift+MVVM */ = {
			isa = PBXNativeTarget;
			buildConfigurationList = E1952D0B2212B30300735D4B /* Build configuration list for PBXNativeTarget "RxSwift+MVVM" */;
			buildPhases = (
				8D05E6A0CD0AD5F69938F289 /* [CP] Check Pods Manifest.lock */,
				E1952CF52212B2F200735D4B /* Sources */,
				E1952CF62212B2F200735D4B /* Frameworks */,
				E1952CF72212B2F200735D4B /* Resources */,
				DA374AE9E178213574292111 /* [CP] Embed Pods Frameworks */,
			);
			buildRules = (
			);
			dependencies = (
			);
			name = "RxSwift+MVVM";
			productName = "RxSwift+MVVM";
			productReference = E1952CF92212B2F200735D4B /* RxSwift+MVVM.app */;
			productType = "com.apple.product-type.application";
		};
/* End PBXNativeTarget section */

/* Begin PBXProject section */
		E1952CF12212B2F200735D4B /* Project object */ = {
			isa = PBXProject;
			attributes = {
				LastSwiftUpdateCheck = 0940;
				LastUpgradeCheck = 0940;
				ORGANIZATIONNAME = "Mustafa GUNES";
				TargetAttributes = {
					E1952CF82212B2F200735D4B = {
						CreatedOnToolsVersion = 9.4.1;
					};
				};
			};
			buildConfigurationList = E1952CF42212B2F200735D4B /* Build configuration list for PBXProject "RxSwift+MVVM" */;
			compatibilityVersion = "Xcode 9.3";
			developmentRegion = en;
			hasScannedForEncodings = 0;
			knownRegions = (
				en,
				Base,
			);
			mainGroup = E1952CF02212B2F200735D4B;
			productRefGroup = E1952CFA2212B2F200735D4B /* Products */;
			projectDirPath = "";
			projectRoot = "";
			targets = (
				E1952CF82212B2F200735D4B /* RxSwift+MVVM */,
			);
		};
/* End PBXProject section */

/* Begin PBXResourcesBuildPhase section */
		E1952CF72212B2F200735D4B /* Resources */ = {
			isa = PBXResourcesBuildPhase;
			buildActionMask = 2147483647;
			files = (
				E1952D072212B30300735D4B /* LaunchScreen.storyboard in Resources */,
				E1952D042212B30300735D4B /* Assets.xcassets in Resources */,
				E1952D022212B2F200735D4B /* Home.storyboard in Resources */,
				E1952D312212C58A00735D4B /* LoadingView.xib in Resources */,
				E1952D352212C5A000735D4B /* MessageView.xib in Resources */,
				E1952D2D2212C53900735D4B /* AlbumsCollectionViewCell.xib in Resources */,
				E1952D292212C52200735D4B /* TracksTableViewCell.xib in Resources */,
			);
			runOnlyForDeploymentPostprocessing = 0;
		};
/* End PBXResourcesBuildPhase section */

/* Begin PBXShellScriptBuildPhase section */
		8D05E6A0CD0AD5F69938F289 /* [CP] Check Pods Manifest.lock */ = {
			isa = PBXShellScriptBuildPhase;
			buildActionMask = 2147483647;
			files = (
			);
			inputPaths = (
				"${PODS_PODFILE_DIR_PATH}/Podfile.lock",
				"${PODS_ROOT}/Manifest.lock",
			);
			name = "[CP] Check Pods Manifest.lock";
			outputPaths = (
				"$(DERIVED_FILE_DIR)/Pods-RxSwift+MVVM-checkManifestLockResult.txt",
			);
			runOnlyForDeploymentPostprocessing = 0;
			shellPath = /bin/sh;
			shellScript = "diff \"${PODS_PODFILE_DIR_PATH}/Podfile.lock\" \"${PODS_ROOT}/Manifest.lock\" > /dev/null\nif [ $? != 0 ] ; then\n    # print error to STDERR\n    echo \"error: The sandbox is not in sync with the Podfile.lock. Run 'pod install' or update your CocoaPods installation.\" >&2\n    exit 1\nfi\n# This output is used by Xcode 'outputs' to avoid re-running this script phase.\necho \"SUCCESS\" > \"${SCRIPT_OUTPUT_FILE_0}\"\n";
			showEnvVarsInLog = 0;
		};
		DA374AE9E178213574292111 /* [CP] Embed Pods Frameworks */ = {
			isa = PBXShellScriptBuildPhase;
			buildActionMask = 2147483647;
			files = (
			);
			inputPaths = (
				"${SRCROOT}/Pods/Target Support Files/Pods-RxSwift+MVVM/Pods-RxSwift+MVVM-frameworks.sh",
				"${BUILT_PRODUCTS_DIR}/RxCocoa/RxCocoa.framework",
				"${BUILT_PRODUCTS_DIR}/RxSwift/RxSwift.framework",
				"${BUILT_PRODUCTS_DIR}/SwiftyJSON/SwiftyJSON.framework",
			);
			name = "[CP] Embed Pods Frameworks";
			outputPaths = (
				"${TARGET_BUILD_DIR}/${FRAMEWORKS_FOLDER_PATH}/RxCocoa.framework",
				"${TARGET_BUILD_DIR}/${FRAMEWORKS_FOLDER_PATH}/RxSwift.framework",
				"${TARGET_BUILD_DIR}/${FRAMEWORKS_FOLDER_PATH}/SwiftyJSON.framework",
			);
			runOnlyForDeploymentPostprocessing = 0;
			shellPath = /bin/sh;
			shellScript = "\"${SRCROOT}/Pods/Target Support Files/Pods-RxSwift+MVVM/Pods-RxSwift+MVVM-frameworks.sh\"\n";
			showEnvVarsInLog = 0;
		};
/* End PBXShellScriptBuildPhase section */

/* Begin PBXSourcesBuildPhase section */
		E1952CF52212B2F200735D4B /* Sources */ = {
			isa = PBXSourcesBuildPhase;
			buildActionMask = 2147483647;
			files = (
				E1952D212212BC1800735D4B /* ReactiveExtensiones.swift in Sources */,
				E1952CFD2212B2F200735D4B /* AppDelegate.swift in Sources */,
				E1952D2C2212C53900735D4B /* AlbumsCollectionViewCell.swift in Sources */,
				E1952D302212C58A00735D4B /* LoadingView.swift in Sources */,
				E1952D142212B42300735D4B /* HomeVC.swift in Sources */,
				E1952D1F2212BC0600735D4B /* Network.swift in Sources */,
				E1952D392212C5E600735D4B /* LoadingViewable.swift in Sources */,
				E1952D342212C5A000735D4B /* MessageView.swift in Sources */,
				E1952D192212B9EF00735D4B /* Album.swift in Sources */,
				E1952D3B2212DA6200735D4B /* HomeViewModel.swift in Sources */,
				E1952D1D2212BBF700735D4B /* Extensiones.swift in Sources */,
				E1952D1B2212BAE100735D4B /* Track.swift in Sources */,
				E1952D282212C52200735D4B /* TracksTableViewCell.swift in Sources */,
				E1952D372212C5CD00735D4B /* AnimateLoadingView.swift in Sources */,
			);
			runOnlyForDeploymentPostprocessing = 0;
		};
/* End PBXSourcesBuildPhase section */

/* Begin PBXVariantGroup section */
		E1952D002212B2F200735D4B /* Home.storyboard */ = {
			isa = PBXVariantGroup;
			children = (
				E1952D012212B2F200735D4B /* Base */,
			);
			name = Home.storyboard;
			sourceTree = "<group>";
		};
		E1952D052212B30300735D4B /* LaunchScreen.storyboard */ = {
			isa = PBXVariantGroup;
			children = (
				E1952D062212B30300735D4B /* Base */,
			);
			name = LaunchScreen.storyboard;
			sourceTree = "<group>";
		};
/* End PBXVariantGroup section */

/* Begin XCBuildConfiguration section */
		E1952D092212B30300735D4B /* Debug */ = {
			isa = XCBuildConfiguration;
			buildSettings = {
				ALWAYS_SEARCH_USER_PATHS = NO;
				CLANG_ANALYZER_NONNULL = YES;
				CLANG_ANALYZER_NUMBER_OBJECT_CONVERSION = YES_AGGRESSIVE;
				CLANG_CXX_LANGUAGE_STANDARD = "gnu++14";
				CLANG_CXX_LIBRARY = "libc++";
				CLANG_ENABLE_MODULES = YES;
				CLANG_ENABLE_OBJC_ARC = YES;
				CLANG_ENABLE_OBJC_WEAK = YES;
				CLANG_WARN_BLOCK_CAPTURE_AUTORELEASING = YES;
				CLANG_WARN_BOOL_CONVERSION = YES;
				CLANG_WARN_COMMA = YES;
				CLANG_WARN_CONSTANT_CONVERSION = YES;
				CLANG_WARN_DEPRECATED_OBJC_IMPLEMENTATIONS = YES;
				CLANG_WARN_DIRECT_OBJC_ISA_USAGE = YES_ERROR;
				CLANG_WARN_DOCUMENTATION_COMMENTS = YES;
				CLANG_WARN_EMPTY_BODY = YES;
				CLANG_WARN_ENUM_CONVERSION = YES;
				CLANG_WARN_INFINITE_RECURSION = YES;
				CLANG_WARN_INT_CONVERSION = YES;
				CLANG_WARN_NON_LITERAL_NULL_CONVERSION = YES;
				CLANG_WARN_OBJC_IMPLICIT_RETAIN_SELF = YES;
				CLANG_WARN_OBJC_LITERAL_CONVERSION = YES;
				CLANG_WARN_OBJC_ROOT_CLASS = YES_ERROR;
				CLANG_WARN_RANGE_LOOP_ANALYSIS = YES;
				CLANG_WARN_STRICT_PROTOTYPES = YES;
				CLANG_WARN_SUSPICIOUS_MOVE = YES;
				CLANG_WARN_UNGUARDED_AVAILABILITY = YES_AGGRESSIVE;
				CLANG_WARN_UNREACHABLE_CODE = YES;
				CLANG_WARN__DUPLICATE_METHOD_MATCH = YES;
				CODE_SIGN_IDENTITY = "iPhone Developer";
				COPY_PHASE_STRIP = NO;
				DEBUG_INFORMATION_FORMAT = dwarf;
				ENABLE_STRICT_OBJC_MSGSEND = YES;
				ENABLE_TESTABILITY = YES;
				GCC_C_LANGUAGE_STANDARD = gnu11;
				GCC_DYNAMIC_NO_PIC = NO;
				GCC_NO_COMMON_BLOCKS = YES;
				GCC_OPTIMIZATION_LEVEL = 0;
				GCC_PREPROCESSOR_DEFINITIONS = (
					"DEBUG=1",
					"$(inherited)",
				);
				GCC_WARN_64_TO_32_BIT_CONVERSION = YES;
				GCC_WARN_ABOUT_RETURN_TYPE = YES_ERROR;
				GCC_WARN_UNDECLARED_SELECTOR = YES;
				GCC_WARN_UNINITIALIZED_AUTOS = YES_AGGRESSIVE;
				GCC_WARN_UNUSED_FUNCTION = YES;
				GCC_WARN_UNUSED_VARIABLE = YES;
				IPHONEOS_DEPLOYMENT_TARGET = 11.4;
				MTL_ENABLE_DEBUG_INFO = YES;
				ONLY_ACTIVE_ARCH = YES;
				SDKROOT = iphoneos;
				SWIFT_ACTIVE_COMPILATION_CONDITIONS = DEBUG;
				SWIFT_OPTIMIZATION_LEVEL = "-Onone";
			};
			name = Debug;
		};
		E1952D0A2212B30300735D4B /* Release */ = {
			isa = XCBuildConfiguration;
			buildSettings = {
				ALWAYS_SEARCH_USER_PATHS = NO;
				CLANG_ANALYZER_NONNULL = YES;
				CLANG_ANALYZER_NUMBER_OBJECT_CONVERSION = YES_AGGRESSIVE;
				CLANG_CXX_LANGUAGE_STANDARD = "gnu++14";
				CLANG_CXX_LIBRARY = "libc++";
				CLANG_ENABLE_MODULES = YES;
				CLANG_ENABLE_OBJC_ARC = YES;
				CLANG_ENABLE_OBJC_WEAK = YES;
				CLANG_WARN_BLOCK_CAPTURE_AUTORELEASING = YES;
				CLANG_WARN_BOOL_CONVERSION = YES;
				CLANG_WARN_COMMA = YES;
				CLANG_WARN_CONSTANT_CONVERSION = YES;
				CLANG_WARN_DEPRECATED_OBJC_IMPLEMENTATIONS = YES;
				CLANG_WARN_DIRECT_OBJC_ISA_USAGE = YES_ERROR;
				CLANG_WARN_DOCUMENTATION_COMMENTS = YES;
				CLANG_WARN_EMPTY_BODY = YES;
				CLANG_WARN_ENUM_CONVERSION = YES;
				CLANG_WARN_INFINITE_RECURSION = YES;
				CLANG_WARN_INT_CONVERSION = YES;
				CLANG_WARN_NON_LITERAL_NULL_CONVERSION = YES;
				CLANG_WARN_OBJC_IMPLICIT_RETAIN_SELF = YES;
				CLANG_WARN_OBJC_LITERAL_CONVERSION = YES;
				CLANG_WARN_OBJC_ROOT_CLASS = YES_ERROR;
				CLANG_WARN_RANGE_LOOP_ANALYSIS = YES;
				CLANG_WARN_STRICT_PROTOTYPES = YES;
				CLANG_WARN_SUSPICIOUS_MOVE = YES;
				CLANG_WARN_UNGUARDED_AVAILABILITY = YES_AGGRESSIVE;
				CLANG_WARN_UNREACHABLE_CODE = YES;
				CLANG_WARN__DUPLICATE_METHOD_MATCH = YES;
				CODE_SIGN_IDENTITY = "iPhone Developer";
				COPY_PHASE_STRIP = NO;
				DEBUG_INFORMATION_FORMAT = "dwarf-with-dsym";
				ENABLE_NS_ASSERTIONS = NO;
				ENABLE_STRICT_OBJC_MSGSEND = YES;
				GCC_C_LANGUAGE_STANDARD = gnu11;
				GCC_NO_COMMON_BLOCKS = YES;
				GCC_WARN_64_TO_32_BIT_CONVERSION = YES;
				GCC_WARN_ABOUT_RETURN_TYPE = YES_ERROR;
				GCC_WARN_UNDECLARED_SELECTOR = YES;
				GCC_WARN_UNINITIALIZED_AUTOS = YES_AGGRESSIVE;
				GCC_WARN_UNUSED_FUNCTION = YES;
				GCC_WARN_UNUSED_VARIABLE = YES;
				IPHONEOS_DEPLOYMENT_TARGET = 11.4;
				MTL_ENABLE_DEBUG_INFO = NO;
				SDKROOT = iphoneos;
				SWIFT_COMPILATION_MODE = wholemodule;
				SWIFT_OPTIMIZATION_LEVEL = "-O";
				VALIDATE_PRODUCT = YES;
			};
			name = Release;
		};
		E1952D0C2212B30300735D4B /* Debug */ = {
			isa = XCBuildConfiguration;
			baseConfigurationReference = 0BCE69019727688B63F56001 /* Pods-RxSwift+MVVM.debug.xcconfig */;
			buildSettings = {
				ASSETCATALOG_COMPILER_APPICON_NAME = AppIcon;
				CODE_SIGN_STYLE = Automatic;
				DEVELOPMENT_TEAM = 3C9W46WXZC;
				INFOPLIST_FILE = "RxSwift+MVVM/Resources/Info.plist";
				IPHONEOS_DEPLOYMENT_TARGET = 11.0;
				LD_RUNPATH_SEARCH_PATHS = (
					"$(inherited)",
					"@executable_path/Frameworks",
				);
				PRODUCT_BUNDLE_IDENTIFIER = "com.mustafagunes.RxSwift-MVVM";
				PRODUCT_NAME = "$(TARGET_NAME)";
				SWIFT_VERSION = 4.0;
				TARGETED_DEVICE_FAMILY = 1;
			};
			name = Debug;
		};
		E1952D0D2212B30300735D4B /* Release */ = {
			isa = XCBuildConfiguration;
			baseConfigurationReference = CEBB9964795500ABB1F5CC81 /* Pods-RxSwift+MVVM.release.xcconfig */;
			buildSettings = {
				ASSETCATALOG_COMPILER_APPICON_NAME = AppIcon;
				CODE_SIGN_STYLE = Automatic;
				DEVELOPMENT_TEAM = 3C9W46WXZC;
				INFOPLIST_FILE = "RxSwift+MVVM/Resources/Info.plist";
				IPHONEOS_DEPLOYMENT_TARGET = 11.0;
				LD_RUNPATH_SEARCH_PATHS = (
					"$(inherited)",
					"@executable_path/Frameworks",
				);
				PRODUCT_BUNDLE_IDENTIFIER = "com.mustafagunes.RxSwift-MVVM";
				PRODUCT_NAME = "$(TARGET_NAME)";
				SWIFT_VERSION = 4.0;
				TARGETED_DEVICE_FAMILY = 1;
			};
			name = Release;
		};
/* End XCBuildConfiguration section */

/* Begin XCConfigurationList section */
		E1952CF42212B2F200735D4B /* Build configuration list for PBXProject "RxSwift+MVVM" */ = {
			isa = XCConfigurationList;
			buildConfigurations = (
				E1952D092212B30300735D4B /* Debug */,
				E1952D0A2212B30300735D4B /* Release */,
			);
			defaultConfigurationIsVisible = 0;
			defaultConfigurationName = Release;
		};
		E1952D0B2212B30300735D4B /* Build configuration list for PBXNativeTarget "RxSwift+MVVM" */ = {
			isa = XCConfigurationList;
			buildConfigurations = (
				E1952D0C2212B30300735D4B /* Debug */,
				E1952D0D2212B30300735D4B /* Release */,
			);
			defaultConfigurationIsVisible = 0;
			defaultConfigurationName = Release;
		};
/* End XCConfigurationList section */
	};
	rootObject = E1952CF12212B2F200735D4B /* Project object */;
}
